<?xml version="1.0" encoding="utf-8"?>
<Project ToolsVersion="4.0" xmlns="http://schemas.microsoft.com/developer/msbuild/2003">
  <ItemGroup>
    <ClCompile Include="console.cpp" />
    <ClCompile Include="kmc_api\kmc_file.cpp" />
    <ClCompile Include="kmc_api\kmer_api.cpp" />
    <ClCompile Include="kmc_api\mmer.cpp" />
    <ClCompile Include="kmer_db.cpp" />
    <ClCompile Include="loader.cpp" />
    <ClCompile Include="log.cpp" />
    <ClCompile Include="main.cpp" />
    <ClCompile Include="pattern.cpp" />
    <ClCompile Include="row_add_avx.cpp" />
    <ClCompile Include="row_add_avx2.cpp" />
    <ClCompile Include="instrset_detect.cpp" />
    <ClCompile Include="parallel_sorter.cpp" />
    <ClCompile Include="kmc_file_wrapper.cpp" />
  </ItemGroup>
  <ItemGroup>
    <ClInclude Include="aligned_vector.h" />
    <ClInclude Include="array.h" />
    <ClInclude Include="console.h" />
    <ClInclude Include="elias_gamma.h" />
    <ClInclude Include="hashmap_lp.h" />
    <ClInclude Include="kmer_db.h" />
    <ClInclude Include="kmc_api\kmc_file.h" />
    <ClInclude Include="kmc_api\kmer_api.h" />
    <ClInclude Include="kmc_api\kmer_defs.h" />
    <ClInclude Include="kmc_api\mmer.h" />
    <ClInclude Include="loader.h" />
    <ClInclude Include="log.h" />
    <ClInclude Include="pattern.h" />
    <ClInclude Include="queue.h" />
    <ClInclude Include="filter.h" />
    <ClInclude Include="kmc_file_wrapper.h" />
    <ClInclude Include="row_add.h" />
    <ClInclude Include="instrset.h" />
    <ClInclude Include="parallel_sorter.h" />
  </ItemGroup>
</Project>